
Microsoft Visual Studio Solution File, Format Version 12.00
# Visual Studio Version 16
VisualStudioVersion = 16.0.30330.147
MinimumVisualStudioVersion = 10.0.40219.1
Project("{FAE04EC0-301F-11D3-BF4B-00C04F79EFBC}") = "BarcodeScanner.Android", "BarcodeScanner\BarcodeScanner.Android\BarcodeScanner.Android.csproj", "{2B9FC847-3396-4BD1-A94A-3EF79D4198C5}"
EndProject
Project("{FAE04EC0-301F-11D3-BF4B-00C04F79EFBC}") = "BarcodeScanner.iOS", "BarcodeScanner\BarcodeScanner.iOS\BarcodeScanner.iOS.csproj", "{65FDD69C-51C1-41FD-B2D3-17F461A45CA9}"
EndProject
Project("{FAE04EC0-301F-11D3-BF4B-00C04F79EFBC}") = "BarcodeScanner", "BarcodeScanner\BarcodeScanner\BarcodeScanner.csproj", "{0C19A7EA-E576-48A3-B042-CFE15EC7DD78}"
EndProject
Global
	GlobalSection(SolutionConfigurationPlatforms) = preSolution
		Debug|Any CPU = Debug|Any CPU
		Debug|iPhone = Debug|iPhone
		Debug|iPhoneSimulator = Debug|iPhoneSimulator
		Release|Any CPU = Release|Any CPU
		Release|iPhone = Release|iPhone
		Release|iPhoneSimulator = Release|iPhoneSimulator
	EndGlobalSection
	GlobalSection(ProjectConfigurationPlatforms) = postSolution
		{2B9FC847-3396-4BD1-A94A-3EF79D4198C5}.Debug|Any CPU.ActiveCfg = Debug|Any CPU
		{2B9FC847-3396-4BD1-A94A-3EF79D4198C5}.Debug|Any CPU.Build.0 = Debug|Any CPU
		{2B9FC847-3396-4BD1-A94A-3EF79D4198C5}.Debug|Any CPU.Deploy.0 = Debug|Any CPU
		{2B9FC847-3396-4BD1-A94A-3EF79D4198C5}.Debug|iPhone.ActiveCfg = Debug|Any CPU
		{2B9FC847-3396-4BD1-A94A-3EF79D4198C5}.Debug|iPhone.Build.0 = Debug|Any CPU
		{2B9FC847-3396-4BD1-A94A-3EF79D4198C5}.Debug|iPhone.Deploy.0 = Debug|Any CPU
		{2B9FC847-3396-4BD1-A94A-3EF79D4198C5}.Debug|iPhoneSimulator.ActiveCfg = Debug|Any CPU
		{2B9FC847-3396-4BD1-A94A-3EF79D4198C5}.Debug|iPhoneSimulator.Build.0 = Debug|Any CPU
		{2B9FC847-3396-4BD1-A94A-3EF79D4198C5}.Debug|iPhoneSimulator.Deploy.0 = Debug|Any CPU
		{2B9FC847-3396-4BD1-A94A-3EF79D4198C5}.Release|Any CPU.ActiveCfg = Release|Any CPU
		{2B9FC847-3396-4BD1-A94A-3EF79D4198C5}.Release|Any CPU.Build.0 = Release|Any CPU
		{2B9FC847-3396-4BD1-A94A-3EF79D4198C5}.Release|Any CPU.Deploy.0 = Release|Any CPU
		{2B9FC847-3396-4BD1-A94A-3EF79D4198C5}.Release|iPhone.ActiveCfg = Release|Any CPU
		{2B9FC847-3396-4BD1-A94A-3EF79D4198C5}.Release|iPhone.Build.0 = Release|Any CPU
		{2B9FC847-3396-4BD1-A94A-3EF79D4198C5}.Release|iPhone.Deploy.0 = Release|Any CPU
		{2B9FC847-3396-4BD1-A94A-3EF79D4198C5}.Release|iPhoneSimulator.ActiveCfg = Release|Any CPU
		{2B9FC847-3396-4BD1-A94A-3EF79D4198C5}.Release|iPhoneSimulator.Build.0 = Release|Any CPU
		{2B9FC847-3396-4BD1-A94A-3EF79D4198C5}.Release|iPhoneSimulator.Deploy.0 = Release|Any CPU
		{65FDD69C-51C1-41FD-B2D3-17F461A45CA9}.Debug|Any CPU.ActiveCfg = Debug|iPhone
		{65FDD69C-51C1-41FD-B2D3-17F461A45CA9}.Debug|Any CPU.Build.0 = Debug|iPhone
		{65FDD69C-51C1-41FD-B2D3-17F461A45CA9}.Debug|Any CPU.Deploy.0 = Debug|iPhone
		{65FDD69C-51C1-41FD-B2D3-17F461A45CA9}.Debug|iPhone.ActiveCfg = Debug|iPhone
		{65FDD69C-51C1-41FD-B2D3-17F461A45CA9}.Debug|iPhone.Build.0 = Debug|iPhone
		{65FDD69C-51C1-41FD-B2D3-17F461A45CA9}.Debug|iPhone.Deploy.0 = Debug|iPhone
		{65FDD69C-51C1-41FD-B2D3-17F461A45CA9}.Debug|iPhoneSimulator.ActiveCfg = Debug|iPhoneSimulator
		{65FDD69C-51C1-41FD-B2D3-17F461A45CA9}.Debug|iPhoneSimulator.Build.0 = Debug|iPhoneSimulator
		{65FDD69C-51C1-41FD-B2D3-17F461A45CA9}.Debug|iPhoneSimulator.Deploy.0 = Debug|iPhoneSimulator
		{65FDD69C-51C1-41FD-B2D3-17F461A45CA9}.Release|Any CPU.ActiveCfg = Release|iPhone
		{65FDD69C-51C1-41FD-B2D3-17F461A45CA9}.Release|Any CPU.Build.0 = Release|iPhone
		{65FDD69C-51C1-41FD-B2D3-17F461A45CA9}.Release|Any CPU.Deploy.0 = Release|iPhone
		{65FDD69C-51C1-41FD-B2D3-17F461A45CA9}.Release|iPhone.ActiveCfg = Release|iPhone
		{65FDD69C-51C1-41FD-B2D3-17F461A45CA9}.Release|iPhone.Build.0 = Release|iPhone
		{65FDD69C-51C1-41FD-B2D3-17F461A45CA9}.Release|iPhone.Deploy.0 = Release|iPhone
		{65FDD69C-51C1-41FD-B2D3-17F461A45CA9}.Release|iPhoneSimulator.ActiveCfg = Release|iPhoneSimulator
		{65FDD69C-51C1-41FD-B2D3-17F461A45CA9}.Release|iPhoneSimulator.Build.0 = Release|iPhoneSimulator
		{65FDD69C-51C1-41FD-B2D3-17F461A45CA9}.Release|iPhoneSimulator.Deploy.0 = Release|iPhoneSimulator
		{0C19A7EA-E576-48A3-B042-CFE15EC7DD78}.Debug|Any CPU.ActiveCfg = Debug|Any CPU
		{0C19A7EA-E576-48A3-B042-CFE15EC7DD78}.Debug|Any CPU.Build.0 = Debug|Any CPU
		{0C19A7EA-E576-48A3-B042-CFE15EC7DD78}.Debug|Any CPU.Deploy.0 = Debug|Any CPU
		{0C19A7EA-E576-48A3-B042-CFE15EC7DD78}.Debug|iPhone.ActiveCfg = Debug|Any CPU
		{0C19A7EA-E576-48A3-B042-CFE15EC7DD78}.Debug|iPhone.Build.0 = Debug|Any CPU
		{0C19A7EA-E576-48A3-B042-CFE15EC7DD78}.Debug|iPhone.Deploy.0 = Debug|Any CPU
		{0C19A7EA-E576-48A3-B042-CFE15EC7DD78}.Debug|iPhoneSimulator.ActiveCfg = Debug|Any CPU
		{0C19A7EA-E576-48A3-B042-CFE15EC7DD78}.Debug|iPhoneSimulator.Build.0 = Debug|Any CPU
		{0C19A7EA-E576-48A3-B042-CFE15EC7DD78}.Debug|iPhoneSimulator.Deploy.0 = Debug|Any CPU
		{0C19A7EA-E576-48A3-B042-CFE15EC7DD78}.Release|Any CPU.ActiveCfg = Release|Any CPU
		{0C19A7EA-E576-48A3-B042-CFE15EC7DD78}.Release|Any CPU.Build.0 = Release|Any CPU
		{0C19A7EA-E576-48A3-B042-CFE15EC7DD78}.Release|Any CPU.Deploy.0 = Release|Any CPU
		{0C19A7EA-E576-48A3-B042-CFE15EC7DD78}.Release|iPhone.ActiveCfg = Release|Any CPU
		{0C19A7EA-E576-48A3-B042-CFE15EC7DD78}.Release|iPhone.Build.0 = Release|Any CPU
		{0C19A7EA-E576-48A3-B042-CFE15EC7DD78}.Release|iPhone.Deploy.0 = Release|Any CPU
		{0C19A7EA-E576-48A3-B042-CFE15EC7DD78}.Release|iPhoneSimulator.ActiveCfg = Release|Any CPU
		{0C19A7EA-E576-48A3-B042-CFE15EC7DD78}.Release|iPhoneSimulator.Build.0 = Release|Any CPU
		{0C19A7EA-E576-48A3-B042-CFE15EC7DD78}.Release|iPhoneSimulator.Deploy.0 = Release|Any CPU
	EndGlobalSection
	GlobalSection(SolutionProperties) = preSolution
		HideSolutionNode = FALSE
	EndGlobalSection
	GlobalSection(ExtensibilityGlobals) = postSolution
		SolutionGuid = {0A93FB83-7540-4C2B-8D62-DEA5761B0D6C}
	EndGlobalSection
EndGlobal
